
Microsoft Visual Studio Solution File, Format Version 12.00
# Visual Studio Version 17
VisualStudioVersion = 17.7.34024.191
MinimumVisualStudioVersion = 10.0.40219.1
Project("{FAE04EC0-301F-11D3-BF4B-00C04F79EFBC}") = "net-il-mio-fotoalbum", "net-il-mio-fotoalbum\net-il-mio-fotoalbum.csproj", "{6DFB158D-B4FB-4EA6-B34A-01AD6F0036EA}"
EndProject
Global
	GlobalSection(SolutionConfigurationPlatforms) = preSolution
		Debug|Any CPU = Debug|Any CPU
		Release|Any CPU = Release|Any CPU
	EndGlobalSection
	GlobalSection(ProjectConfigurationPlatforms) = postSolution
		{6DFB158D-B4FB-4EA6-B34A-01AD6F0036EA}.Debug|Any CPU.ActiveCfg = Debug|Any CPU
		{6DFB158D-B4FB-4EA6-B34A-01AD6F0036EA}.Debug|Any CPU.Build.0 = Debug|Any CPU
		{6DFB158D-B4FB-4EA6-B34A-01AD6F0036EA}.Release|Any CPU.ActiveCfg = Release|Any CPU
		{6DFB158D-B4FB-4EA6-B34A-01AD6F0036EA}.Release|Any CPU.Build.0 = Release|Any CPU
	EndGlobalSection
	GlobalSection(SolutionProperties) = preSolution
		HideSolutionNode = FALSE
	EndGlobalSection
	GlobalSection(ExtensibilityGlobals) = postSolution
		SolutionGuid = {4022457D-0BF6-423F-A01F-A6E270E881E8}
	EndGlobalSection
EndGlobal
